// !$*UTF8*$!
{
	archiveVersion = 1;
	classes = {
	};
	objectVersion = 51;
	objects = {

/* Begin PBXBuildFile section */
		0C1F328A24F17DB25844DF43 /* Pods_MarimoDiary.framework in Frameworks */ = {isa = PBXBuildFile; fileRef = 8AB91F8C475D2FF7A63620B0 /* Pods_MarimoDiary.framework */; };
		15274A1326E6BB790043D4BC /* loading.gif in Resources */ = {isa = PBXBuildFile; fileRef = 15274A1226E6BB790043D4BC /* loading.gif */; };
		1531C13626E39E370035B45E /* DiaryInfo.swift in Sources */ = {isa = PBXBuildFile; fileRef = 1531C13526E39E370035B45E /* DiaryInfo.swift */; };
		154BE12126DB68AE00BBCD2B /* AppDelegate.swift in Sources */ = {isa = PBXBuildFile; fileRef = 154BE12026DB68AE00BBCD2B /* AppDelegate.swift */; };
		154BE12326DB68AE00BBCD2B /* SceneDelegate.swift in Sources */ = {isa = PBXBuildFile; fileRef = 154BE12226DB68AE00BBCD2B /* SceneDelegate.swift */; };
		154BE12526DB68AE00BBCD2B /* ViewController.swift in Sources */ = {isa = PBXBuildFile; fileRef = 154BE12426DB68AE00BBCD2B /* ViewController.swift */; };
		154BE12826DB68AE00BBCD2B /* Main.storyboard in Resources */ = {isa = PBXBuildFile; fileRef = 154BE12626DB68AE00BBCD2B /* Main.storyboard */; };
		154BE12B26DB68AE00BBCD2B /* MarimoDiary.xcdatamodeld in Sources */ = {isa = PBXBuildFile; fileRef = 154BE12926DB68AE00BBCD2B /* MarimoDiary.xcdatamodeld */; };
		154BE12D26DB68B000BBCD2B /* Assets.xcassets in Resources */ = {isa = PBXBuildFile; fileRef = 154BE12C26DB68B000BBCD2B /* Assets.xcassets */; };
		154BE13026DB68B000BBCD2B /* LaunchScreen.storyboard in Resources */ = {isa = PBXBuildFile; fileRef = 154BE12E26DB68B000BBCD2B /* LaunchScreen.storyboard */; };
		154BE13926DB695600BBCD2B /* SplashVC.swift in Sources */ = {isa = PBXBuildFile; fileRef = 154BE13826DB695600BBCD2B /* SplashVC.swift */; };
		154BE13C26DB699200BBCD2B /* HomeVC.swift in Sources */ = {isa = PBXBuildFile; fileRef = 154BE13B26DB699200BBCD2B /* HomeVC.swift */; };
		154BE13F26DB69BE00BBCD2B /* WriteVC.swift in Sources */ = {isa = PBXBuildFile; fileRef = 154BE13E26DB69BE00BBCD2B /* WriteVC.swift */; };
		154BE14226DB69E100BBCD2B /* ReadVC.swift in Sources */ = {isa = PBXBuildFile; fileRef = 154BE14126DB69E100BBCD2B /* ReadVC.swift */; };
		154BE14526DB6A1700BBCD2B /* RegisterVC.swift in Sources */ = {isa = PBXBuildFile; fileRef = 154BE14426DB6A1700BBCD2B /* RegisterVC.swift */; };
		154BE14D26DB8C0100BBCD2B /* customPagerCell.xib in Resources */ = {isa = PBXBuildFile; fileRef = 154BE14C26DB8C0100BBCD2B /* customPagerCell.xib */; };
		154BE15526DB916D00BBCD2B /* MarimoInfo.swift in Sources */ = {isa = PBXBuildFile; fileRef = 154BE15426DB916D00BBCD2B /* MarimoInfo.swift */; };
		154BE15826DBA55C00BBCD2B /* DebugPrint.swift in Sources */ = {isa = PBXBuildFile; fileRef = 154BE15726DBA55C00BBCD2B /* DebugPrint.swift */; };
		154BE15B26DBA62A00BBCD2B /* Utils.swift in Sources */ = {isa = PBXBuildFile; fileRef = 154BE15A26DBA62A00BBCD2B /* Utils.swift */; };
		15C639BF26E3097B00D10A6C /* KeyList.plist in Resources */ = {isa = PBXBuildFile; fileRef = 15C639BE26E3097B00D10A6C /* KeyList.plist */; };
		15C639C226E30C8E00D10A6C /* WeaterInfo.swift in Sources */ = {isa = PBXBuildFile; fileRef = 15C639C126E30C8E00D10A6C /* WeaterInfo.swift */; };
/* End PBXBuildFile section */

/* Begin PBXFileReference section */
		15274A1226E6BB790043D4BC /* loading.gif */ = {isa = PBXFileReference; lastKnownFileType = image.gif; path = loading.gif; sourceTree = "<group>"; };
		1531C13526E39E370035B45E /* DiaryInfo.swift */ = {isa = PBXFileReference; lastKnownFileType = sourcecode.swift; path = DiaryInfo.swift; sourceTree = "<group>"; };
		154BE11D26DB68AE00BBCD2B /* MarimoDiary.app */ = {isa = PBXFileReference; explicitFileType = wrapper.application; includeInIndex = 0; path = MarimoDiary.app; sourceTree = BUILT_PRODUCTS_DIR; };
		154BE12026DB68AE00BBCD2B /* AppDelegate.swift */ = {isa = PBXFileReference; lastKnownFileType = sourcecode.swift; path = AppDelegate.swift; sourceTree = "<group>"; };
		154BE12226DB68AE00BBCD2B /* SceneDelegate.swift */ = {isa = PBXFileReference; lastKnownFileType = sourcecode.swift; path = SceneDelegate.swift; sourceTree = "<group>"; };
		154BE12426DB68AE00BBCD2B /* ViewController.swift */ = {isa = PBXFileReference; lastKnownFileType = sourcecode.swift; path = ViewController.swift; sourceTree = "<group>"; };
		154BE12726DB68AE00BBCD2B /* Base */ = {isa = PBXFileReference; lastKnownFileType = file.storyboard; name = Base; path = Base.lproj/Main.storyboard; sourceTree = "<group>"; };
		154BE12A26DB68AE00BBCD2B /* MarimoDiary.xcdatamodel */ = {isa = PBXFileReference; lastKnownFileType = wrapper.xcdatamodel; path = MarimoDiary.xcdatamodel; sourceTree = "<group>"; };
		154BE12C26DB68B000BBCD2B /* Assets.xcassets */ = {isa = PBXFileReference; lastKnownFileType = folder.assetcatalog; path = Assets.xcassets; sourceTree = "<group>"; };
		154BE12F26DB68B000BBCD2B /* Base */ = {isa = PBXFileReference; lastKnownFileType = file.storyboard; name = Base; path = Base.lproj/LaunchScreen.storyboard; sourceTree = "<group>"; };
		154BE13126DB68B000BBCD2B /* Info.plist */ = {isa = PBXFileReference; lastKnownFileType = text.plist.xml; path = Info.plist; sourceTree = "<group>"; };
		154BE13826DB695600BBCD2B /* SplashVC.swift */ = {isa = PBXFileReference; lastKnownFileType = sourcecode.swift; path = SplashVC.swift; sourceTree = "<group>"; };
		154BE13B26DB699200BBCD2B /* HomeVC.swift */ = {isa = PBXFileReference; lastKnownFileType = sourcecode.swift; path = HomeVC.swift; sourceTree = "<group>"; };
		154BE13E26DB69BE00BBCD2B /* WriteVC.swift */ = {isa = PBXFileReference; lastKnownFileType = sourcecode.swift; path = WriteVC.swift; sourceTree = "<group>"; };
		154BE14126DB69E100BBCD2B /* ReadVC.swift */ = {isa = PBXFileReference; lastKnownFileType = sourcecode.swift; path = ReadVC.swift; sourceTree = "<group>"; };
		154BE14426DB6A1700BBCD2B /* RegisterVC.swift */ = {isa = PBXFileReference; lastKnownFileType = sourcecode.swift; path = RegisterVC.swift; sourceTree = "<group>"; };
		154BE14C26DB8C0100BBCD2B /* customPagerCell.xib */ = {isa = PBXFileReference; lastKnownFileType = file.xib; path = customPagerCell.xib; sourceTree = "<group>"; };
		154BE15426DB916D00BBCD2B /* MarimoInfo.swift */ = {isa = PBXFileReference; lastKnownFileType = sourcecode.swift; path = MarimoInfo.swift; sourceTree = "<group>"; };
		154BE15726DBA55C00BBCD2B /* DebugPrint.swift */ = {isa = PBXFileReference; lastKnownFileType = sourcecode.swift; path = DebugPrint.swift; sourceTree = "<group>"; };
		154BE15A26DBA62A00BBCD2B /* Utils.swift */ = {isa = PBXFileReference; lastKnownFileType = sourcecode.swift; path = Utils.swift; sourceTree = "<group>"; };
		15C639BE26E3097B00D10A6C /* KeyList.plist */ = {isa = PBXFileReference; lastKnownFileType = text.plist.xml; path = KeyList.plist; sourceTree = "<group>"; };
		15C639C126E30C8E00D10A6C /* WeaterInfo.swift */ = {isa = PBXFileReference; lastKnownFileType = sourcecode.swift; path = WeaterInfo.swift; sourceTree = "<group>"; };
		8AB91F8C475D2FF7A63620B0 /* Pods_MarimoDiary.framework */ = {isa = PBXFileReference; explicitFileType = wrapper.framework; includeInIndex = 0; path = Pods_MarimoDiary.framework; sourceTree = BUILT_PRODUCTS_DIR; };
		9265EDB55E07E3E2336E72B1 /* Pods-MarimoDiary.release.xcconfig */ = {isa = PBXFileReference; includeInIndex = 1; lastKnownFileType = text.xcconfig; name = "Pods-MarimoDiary.release.xcconfig"; path = "Target Support Files/Pods-MarimoDiary/Pods-MarimoDiary.release.xcconfig"; sourceTree = "<group>"; };
		C789A2E2DBC5BD08ADB9EE3C /* Pods-MarimoDiary.debug.xcconfig */ = {isa = PBXFileReference; includeInIndex = 1; lastKnownFileType = text.xcconfig; name = "Pods-MarimoDiary.debug.xcconfig"; path = "Target Support Files/Pods-MarimoDiary/Pods-MarimoDiary.debug.xcconfig"; sourceTree = "<group>"; };
/* End PBXFileReference section */

/* Begin PBXFrameworksBuildPhase section */
		154BE11A26DB68AE00BBCD2B /* Frameworks */ = {
			isa = PBXFrameworksBuildPhase;
			buildActionMask = 2147483647;
			files = (
				0C1F328A24F17DB25844DF43 /* Pods_MarimoDiary.framework in Frameworks */,
			);
			runOnlyForDeploymentPostprocessing = 0;
		};
/* End PBXFrameworksBuildPhase section */

/* Begin PBXGroup section */
		154BE11426DB68AE00BBCD2B = {
			isa = PBXGroup;
			children = (
				154BE11F26DB68AE00BBCD2B /* MarimoDiary */,
				154BE11E26DB68AE00BBCD2B /* Products */,
				76D2B8F8143F60441427038A /* Pods */,
				8870DA8E46FBCB361C24458E /* Frameworks */,
			);
			sourceTree = "<group>";
		};
		154BE11E26DB68AE00BBCD2B /* Products */ = {
			isa = PBXGroup;
			children = (
				154BE11D26DB68AE00BBCD2B /* MarimoDiary.app */,
			);
			name = Products;
			sourceTree = "<group>";
		};
		154BE11F26DB68AE00BBCD2B /* MarimoDiary */ = {
			isa = PBXGroup;
			children = (
				154BE14F26DB8FC700BBCD2B /* DataTypes */,
				154BE12026DB68AE00BBCD2B /* AppDelegate.swift */,
				15274A1226E6BB790043D4BC /* loading.gif */,
				154BE12226DB68AE00BBCD2B /* SceneDelegate.swift */,
				154BE12426DB68AE00BBCD2B /* ViewController.swift */,
				154BE12626DB68AE00BBCD2B /* Main.storyboard */,
				154BE12C26DB68B000BBCD2B /* Assets.xcassets */,
				154BE12E26DB68B000BBCD2B /* LaunchScreen.storyboard */,
				154BE13126DB68B000BBCD2B /* Info.plist */,
				154BE12926DB68AE00BBCD2B /* MarimoDiary.xcdatamodeld */,
				154BE13826DB695600BBCD2B /* SplashVC.swift */,
				154BE13B26DB699200BBCD2B /* HomeVC.swift */,
				154BE13E26DB69BE00BBCD2B /* WriteVC.swift */,
				154BE14126DB69E100BBCD2B /* ReadVC.swift */,
				154BE14426DB6A1700BBCD2B /* RegisterVC.swift */,
				154BE14C26DB8C0100BBCD2B /* customPagerCell.xib */,
				154BE15726DBA55C00BBCD2B /* DebugPrint.swift */,
				154BE15A26DBA62A00BBCD2B /* Utils.swift */,
				15C639BE26E3097B00D10A6C /* KeyList.plist */,
			);
			path = MarimoDiary;
			sourceTree = "<group>";
		};
		154BE14F26DB8FC700BBCD2B /* DataTypes */ = {
			isa = PBXGroup;
			children = (
				154BE15426DB916D00BBCD2B /* MarimoInfo.swift */,
				15C639C126E30C8E00D10A6C /* WeaterInfo.swift */,
				1531C13526E39E370035B45E /* DiaryInfo.swift */,
			);
			path = DataTypes;
			sourceTree = "<group>";
		};
		76D2B8F8143F60441427038A /* Pods */ = {
			isa = PBXGroup;
			children = (
				C789A2E2DBC5BD08ADB9EE3C /* Pods-MarimoDiary.debug.xcconfig */,
				9265EDB55E07E3E2336E72B1 /* Pods-MarimoDiary.release.xcconfig */,
			);
			path = Pods;
			sourceTree = "<group>";
		};
		8870DA8E46FBCB361C24458E /* Frameworks */ = {
			isa = PBXGroup;
			children = (
				8AB91F8C475D2FF7A63620B0 /* Pods_MarimoDiary.framework */,
			);
			name = Frameworks;
			sourceTree = "<group>";
		};
/* End PBXGroup section */

/* Begin PBXNativeTarget section */
		154BE11C26DB68AE00BBCD2B /* MarimoDiary */ = {
			isa = PBXNativeTarget;
			buildConfigurationList = 154BE13426DB68B000BBCD2B /* Build configuration list for PBXNativeTarget "MarimoDiary" */;
			buildPhases = (
				4AF2CC923EC64C25806718F7 /* [CP] Check Pods Manifest.lock */,
				154BE11926DB68AE00BBCD2B /* Sources */,
				154BE11A26DB68AE00BBCD2B /* Frameworks */,
				154BE11B26DB68AE00BBCD2B /* Resources */,
				FC9179672C61CF05A2748F27 /* [CP] Embed Pods Frameworks */,
			);
			buildRules = (
			);
			dependencies = (
			);
			name = MarimoDiary;
			productName = MarimoDiary;
			productReference = 154BE11D26DB68AE00BBCD2B /* MarimoDiary.app */;
			productType = "com.apple.product-type.application";
		};
/* End PBXNativeTarget section */

/* Begin PBXProject section */
		154BE11526DB68AE00BBCD2B /* Project object */ = {
			isa = PBXProject;
			attributes = {
				LastSwiftUpdateCheck = 1240;
				LastUpgradeCheck = 1240;
				TargetAttributes = {
					154BE11C26DB68AE00BBCD2B = {
						CreatedOnToolsVersion = 12.4;
					};
				};
			};
			buildConfigurationList = 154BE11826DB68AE00BBCD2B /* Build configuration list for PBXProject "MarimoDiary" */;
			compatibilityVersion = "Xcode 9.3";
			developmentRegion = en;
			hasScannedForEncodings = 0;
			knownRegions = (
				en,
				Base,
			);
			mainGroup = 154BE11426DB68AE00BBCD2B;
			productRefGroup = 154BE11E26DB68AE00BBCD2B /* Products */;
			projectDirPath = "";
			projectRoot = "";
			targets = (
				154BE11C26DB68AE00BBCD2B /* MarimoDiary */,
			);
		};
/* End PBXProject section */

/* Begin PBXResourcesBuildPhase section */
		154BE11B26DB68AE00BBCD2B /* Resources */ = {
			isa = PBXResourcesBuildPhase;
			buildActionMask = 2147483647;
			files = (
				154BE13026DB68B000BBCD2B /* LaunchScreen.storyboard in Resources */,
				15C639BF26E3097B00D10A6C /* KeyList.plist in Resources */,
				154BE12D26DB68B000BBCD2B /* Assets.xcassets in Resources */,
				15274A1326E6BB790043D4BC /* loading.gif in Resources */,
				154BE14D26DB8C0100BBCD2B /* customPagerCell.xib in Resources */,
				154BE12826DB68AE00BBCD2B /* Main.storyboard in Resources */,
			);
			runOnlyForDeploymentPostprocessing = 0;
		};
/* End PBXResourcesBuildPhase section */

/* Begin PBXShellScriptBuildPhase section */
		4AF2CC923EC64C25806718F7 /* [CP] Check Pods Manifest.lock */ = {
			isa = PBXShellScriptBuildPhase;
			buildActionMask = 2147483647;
			files = (
			);
			inputFileListPaths = (
			);
			inputPaths = (
				"${PODS_PODFILE_DIR_PATH}/Podfile.lock",
				"${PODS_ROOT}/Manifest.lock",
			);
			name = "[CP] Check Pods Manifest.lock";
			outputFileListPaths = (
			);
			outputPaths = (
				"$(DERIVED_FILE_DIR)/Pods-MarimoDiary-checkManifestLockResult.txt",
			);
			runOnlyForDeploymentPostprocessing = 0;
			shellPath = /bin/sh;
			shellScript = "diff \"${PODS_PODFILE_DIR_PATH}/Podfile.lock\" \"${PODS_ROOT}/Manifest.lock\" > /dev/null\nif [ $? != 0 ] ; then\n    # print error to STDERR\n    echo \"error: The sandbox is not in sync with the Podfile.lock. Run 'pod install' or update your CocoaPods installation.\" >&2\n    exit 1\nfi\n# This output is used by Xcode 'outputs' to avoid re-running this script phase.\necho \"SUCCESS\" > \"${SCRIPT_OUTPUT_FILE_0}\"\n";
			showEnvVarsInLog = 0;
		};
		FC9179672C61CF05A2748F27 /* [CP] Embed Pods Frameworks */ = {
			isa = PBXShellScriptBuildPhase;
			buildActionMask = 2147483647;
			files = (
			);
			inputFileListPaths = (
				"${PODS_ROOT}/Target Support Files/Pods-MarimoDiary/Pods-MarimoDiary-frameworks-${CONFIGURATION}-input-files.xcfilelist",
			);
			name = "[CP] Embed Pods Frameworks";
			outputFileListPaths = (
				"${PODS_ROOT}/Target Support Files/Pods-MarimoDiary/Pods-MarimoDiary-frameworks-${CONFIGURATION}-output-files.xcfilelist",
			);
			runOnlyForDeploymentPostprocessing = 0;
			shellPath = /bin/sh;
			shellScript = "\"${PODS_ROOT}/Target Support Files/Pods-MarimoDiary/Pods-MarimoDiary-frameworks.sh\"\n";
			showEnvVarsInLog = 0;
		};
/* End PBXShellScriptBuildPhase section */

/* Begin PBXSourcesBuildPhase section */
		154BE11926DB68AE00BBCD2B /* Sources */ = {
			isa = PBXSourcesBuildPhase;
			buildActionMask = 2147483647;
			files = (
				154BE12526DB68AE00BBCD2B /* ViewController.swift in Sources */,
				154BE13926DB695600BBCD2B /* SplashVC.swift in Sources */,
				154BE15526DB916D00BBCD2B /* MarimoInfo.swift in Sources */,
				154BE13F26DB69BE00BBCD2B /* WriteVC.swift in Sources */,
				154BE12126DB68AE00BBCD2B /* AppDelegate.swift in Sources */,
				154BE14226DB69E100BBCD2B /* ReadVC.swift in Sources */,
				154BE13C26DB699200BBCD2B /* HomeVC.swift in Sources */,
				154BE14526DB6A1700BBCD2B /* RegisterVC.swift in Sources */,
				154BE12B26DB68AE00BBCD2B /* MarimoDiary.xcdatamodeld in Sources */,
				154BE12326DB68AE00BBCD2B /* SceneDelegate.swift in Sources */,
				15C639C226E30C8E00D10A6C /* WeaterInfo.swift in Sources */,
				154BE15826DBA55C00BBCD2B /* DebugPrint.swift in Sources */,
				154BE15B26DBA62A00BBCD2B /* Utils.swift in Sources */,
				1531C13626E39E370035B45E /* DiaryInfo.swift in Sources */,
			);
			runOnlyForDeploymentPostprocessing = 0;
		};
/* End PBXSourcesBuildPhase section */

/* Begin PBXVariantGroup section */
		154BE12626DB68AE00BBCD2B /* Main.storyboard */ = {
			isa = PBXVariantGroup;
			children = (
				154BE12726DB68AE00BBCD2B /* Base */,
			);
			name = Main.storyboard;
			sourceTree = "<group>";
		};
		154BE12E26DB68B000BBCD2B /* LaunchScreen.storyboard */ = {
			isa = PBXVariantGroup;
			children = (
				154BE12F26DB68B000BBCD2B /* Base */,
			);
			name = LaunchScreen.storyboard;
			sourceTree = "<group>";
		};
/* End PBXVariantGroup section */

/* Begin XCBuildConfiguration section */
		154BE13226DB68B000BBCD2B /* Debug */ = {
			isa = XCBuildConfiguration;
			buildSettings = {
				ALWAYS_SEARCH_USER_PATHS = NO;
				CLANG_ANALYZER_NONNULL = YES;
				CLANG_ANALYZER_NUMBER_OBJECT_CONVERSION = YES_AGGRESSIVE;
				CLANG_CXX_LANGUAGE_STANDARD = "gnu++14";
				CLANG_CXX_LIBRARY = "libc++";
				CLANG_ENABLE_MODULES = YES;
				CLANG_ENABLE_OBJC_ARC = YES;
				CLANG_ENABLE_OBJC_WEAK = YES;
				CLANG_WARN_BLOCK_CAPTURE_AUTORELEASING = YES;
				CLANG_WARN_BOOL_CONVERSION = YES;
				CLANG_WARN_COMMA = YES;
				CLANG_WARN_CONSTANT_CONVERSION = YES;
				CLANG_WARN_DEPRECATED_OBJC_IMPLEMENTATIONS = YES;
				CLANG_WARN_DIRECT_OBJC_ISA_USAGE = YES_ERROR;
				CLANG_WARN_DOCUMENTATION_COMMENTS = YES;
				CLANG_WARN_EMPTY_BODY = YES;
				CLANG_WARN_ENUM_CONVERSION = YES;
				CLANG_WARN_INFINITE_RECURSION = YES;
				CLANG_WARN_INT_CONVERSION = YES;
				CLANG_WARN_NON_LITERAL_NULL_CONVERSION = YES;
				CLANG_WARN_OBJC_IMPLICIT_RETAIN_SELF = YES;
				CLANG_WARN_OBJC_LITERAL_CONVERSION = YES;
				CLANG_WARN_OBJC_ROOT_CLASS = YES_ERROR;
				CLANG_WARN_QUOTED_INCLUDE_IN_FRAMEWORK_HEADER = YES;
				CLANG_WARN_RANGE_LOOP_ANALYSIS = YES;
				CLANG_WARN_STRICT_PROTOTYPES = YES;
				CLANG_WARN_SUSPICIOUS_MOVE = YES;
				CLANG_WARN_UNGUARDED_AVAILABILITY = YES_AGGRESSIVE;
				CLANG_WARN_UNREACHABLE_CODE = YES;
				CLANG_WARN__DUPLICATE_METHOD_MATCH = YES;
				COPY_PHASE_STRIP = NO;
				DEBUG_INFORMATION_FORMAT = dwarf;
				ENABLE_STRICT_OBJC_MSGSEND = YES;
				ENABLE_TESTABILITY = YES;
				GCC_C_LANGUAGE_STANDARD = gnu11;
				GCC_DYNAMIC_NO_PIC = NO;
				GCC_NO_COMMON_BLOCKS = YES;
				GCC_OPTIMIZATION_LEVEL = 0;
				GCC_PREPROCESSOR_DEFINITIONS = (
					"DEBUG=1",
					"$(inherited)",
				);
				GCC_WARN_64_TO_32_BIT_CONVERSION = YES;
				GCC_WARN_ABOUT_RETURN_TYPE = YES_ERROR;
				GCC_WARN_UNDECLARED_SELECTOR = YES;
				GCC_WARN_UNINITIALIZED_AUTOS = YES_AGGRESSIVE;
				GCC_WARN_UNUSED_FUNCTION = YES;
				GCC_WARN_UNUSED_VARIABLE = YES;
				IPHONEOS_DEPLOYMENT_TARGET = 13.0;
				MTL_ENABLE_DEBUG_INFO = INCLUDE_SOURCE;
				MTL_FAST_MATH = YES;
				ONLY_ACTIVE_ARCH = YES;
				SDKROOT = iphoneos;
				SWIFT_ACTIVE_COMPILATION_CONDITIONS = DEBUG;
				SWIFT_OPTIMIZATION_LEVEL = "-Onone";
			};
			name = Debug;
		};
		154BE13326DB68B000BBCD2B /* Release */ = {
			isa = XCBuildConfiguration;
			buildSettings = {
				ALWAYS_SEARCH_USER_PATHS = NO;
				CLANG_ANALYZER_NONNULL = YES;
				CLANG_ANALYZER_NUMBER_OBJECT_CONVERSION = YES_AGGRESSIVE;
				CLANG_CXX_LANGUAGE_STANDARD = "gnu++14";
				CLANG_CXX_LIBRARY = "libc++";
				CLANG_ENABLE_MODULES = YES;
				CLANG_ENABLE_OBJC_ARC = YES;
				CLANG_ENABLE_OBJC_WEAK = YES;
				CLANG_WARN_BLOCK_CAPTURE_AUTORELEASING = YES;
				CLANG_WARN_BOOL_CONVERSION = YES;
				CLANG_WARN_COMMA = YES;
				CLANG_WARN_CONSTANT_CONVERSION = YES;
				CLANG_WARN_DEPRECATED_OBJC_IMPLEMENTATIONS = YES;
				CLANG_WARN_DIRECT_OBJC_ISA_USAGE = YES_ERROR;
				CLANG_WARN_DOCUMENTATION_COMMENTS = YES;
				CLANG_WARN_EMPTY_BODY = YES;
				CLANG_WARN_ENUM_CONVERSION = YES;
				CLANG_WARN_INFINITE_RECURSION = YES;
				CLANG_WARN_INT_CONVERSION = YES;
				CLANG_WARN_NON_LITERAL_NULL_CONVERSION = YES;
				CLANG_WARN_OBJC_IMPLICIT_RETAIN_SELF = YES;
				CLANG_WARN_OBJC_LITERAL_CONVERSION = YES;
				CLANG_WARN_OBJC_ROOT_CLASS = YES_ERROR;
				CLANG_WARN_QUOTED_INCLUDE_IN_FRAMEWORK_HEADER = YES;
				CLANG_WARN_RANGE_LOOP_ANALYSIS = YES;
				CLANG_WARN_STRICT_PROTOTYPES = YES;
				CLANG_WARN_SUSPICIOUS_MOVE = YES;
				CLANG_WARN_UNGUARDED_AVAILABILITY = YES_AGGRESSIVE;
				CLANG_WARN_UNREACHABLE_CODE = YES;
				CLANG_WARN__DUPLICATE_METHOD_MATCH = YES;
				COPY_PHASE_STRIP = NO;
				DEBUG_INFORMATION_FORMAT = "dwarf-with-dsym";
				ENABLE_NS_ASSERTIONS = NO;
				ENABLE_STRICT_OBJC_MSGSEND = YES;
				GCC_C_LANGUAGE_STANDARD = gnu11;
				GCC_NO_COMMON_BLOCKS = YES;
				GCC_WARN_64_TO_32_BIT_CONVERSION = YES;
				GCC_WARN_ABOUT_RETURN_TYPE = YES_ERROR;
				GCC_WARN_UNDECLARED_SELECTOR = YES;
				GCC_WARN_UNINITIALIZED_AUTOS = YES_AGGRESSIVE;
				GCC_WARN_UNUSED_FUNCTION = YES;
				GCC_WARN_UNUSED_VARIABLE = YES;
				IPHONEOS_DEPLOYMENT_TARGET = 13.0;
				MTL_ENABLE_DEBUG_INFO = NO;
				MTL_FAST_MATH = YES;
				SDKROOT = iphoneos;
				SWIFT_COMPILATION_MODE = wholemodule;
				SWIFT_OPTIMIZATION_LEVEL = "-O";
				VALIDATE_PRODUCT = YES;
			};
			name = Release;
		};
		154BE13526DB68B000BBCD2B /* Debug */ = {
			isa = XCBuildConfiguration;
			baseConfigurationReference = C789A2E2DBC5BD08ADB9EE3C /* Pods-MarimoDiary.debug.xcconfig */;
			buildSettings = {
				ASSETCATALOG_COMPILER_APPICON_NAME = AppIcon;
				ASSETCATALOG_COMPILER_GLOBAL_ACCENT_COLOR_NAME = AccentColor;
				CODE_SIGN_STYLE = Automatic;
				DEVELOPMENT_TEAM = T6LRAVDGQW;
				INFOPLIST_FILE = MarimoDiary/Info.plist;
				LD_RUNPATH_SEARCH_PATHS = (
					"$(inherited)",
					"@executable_path/Frameworks",
				);
				PRODUCT_BUNDLE_IDENTIFIER = "beans-bin.MarimoDiary";
				PRODUCT_NAME = "$(TARGET_NAME)";
				SWIFT_VERSION = 5.0;
				TARGETED_DEVICE_FAMILY = "1,2";
			};
			name = Debug;
		};
		154BE13626DB68B000BBCD2B /* Release */ = {
			isa = XCBuildConfiguration;
			baseConfigurationReference = 9265EDB55E07E3E2336E72B1 /* Pods-MarimoDiary.release.xcconfig */;
			buildSettings = {
				ASSETCATALOG_COMPILER_APPICON_NAME = AppIcon;
				ASSETCATALOG_COMPILER_GLOBAL_ACCENT_COLOR_NAME = AccentColor;
				CODE_SIGN_STYLE = Automatic;
				DEVELOPMENT_TEAM = T6LRAVDGQW;
				INFOPLIST_FILE = MarimoDiary/Info.plist;
				LD_RUNPATH_SEARCH_PATHS = (
					"$(inherited)",
					"@executable_path/Frameworks",
				);
				PRODUCT_BUNDLE_IDENTIFIER = "beans-bin.MarimoDiary";
				PRODUCT_NAME = "$(TARGET_NAME)";
				SWIFT_VERSION = 5.0;
				TARGETED_DEVICE_FAMILY = "1,2";
			};
			name = Release;
		};
/* End XCBuildConfiguration section */

/* Begin XCConfigurationList section */
		154BE11826DB68AE00BBCD2B /* Build configuration list for PBXProject "MarimoDiary" */ = {
			isa = XCConfigurationList;
			buildConfigurations = (
				154BE13226DB68B000BBCD2B /* Debug */,
				154BE13326DB68B000BBCD2B /* Release */,
			);
			defaultConfigurationIsVisible = 0;
			defaultConfigurationName = Release;
		};
		154BE13426DB68B000BBCD2B /* Build configuration list for PBXNativeTarget "MarimoDiary" */ = {
			isa = XCConfigurationList;
			buildConfigurations = (
				154BE13526DB68B000BBCD2B /* Debug */,
				154BE13626DB68B000BBCD2B /* Release */,
			);
			defaultConfigurationIsVisible = 0;
			defaultConfigurationName = Release;
		};
/* End XCConfigurationList section */

/* Begin XCVersionGroup section */
		154BE12926DB68AE00BBCD2B /* MarimoDiary.xcdatamodeld */ = {
			isa = XCVersionGroup;
			children = (
				154BE12A26DB68AE00BBCD2B /* MarimoDiary.xcdatamodel */,
			);
			currentVersion = 154BE12A26DB68AE00BBCD2B /* MarimoDiary.xcdatamodel */;
			path = MarimoDiary.xcdatamodeld;
			sourceTree = "<group>";
			versionGroupType = wrapper.xcdatamodel;
		};
/* End XCVersionGroup section */
	};
	rootObject = 154BE11526DB68AE00BBCD2B /* Project object */;
}
